
Microsoft Visual Studio Solution File, Format Version 12.00
# Visual Studio Version 16
VisualStudioVersion = 16.0.30804.86
MinimumVisualStudioVersion = 10.0.40219.1
Project("{FAE04EC0-301F-11D3-BF4B-00C04F79EFBC}") = "DeconsturctDemo", "DeconsturctDemo\DeconsturctDemo.csproj", "{DE4BD149-8360-4EE8-AC59-48131B317E16}"
EndProject
Global
	GlobalSection(SolutionConfigurationPlatforms) = preSolution
		Debug|Any CPU = Debug|Any CPU
		Release|Any CPU = Release|Any CPU
	EndGlobalSection
	GlobalSection(ProjectConfigurationPlatforms) = postSolution
		{DE4BD149-8360-4EE8-AC59-48131B317E16}.Debug|Any CPU.ActiveCfg = Debug|Any CPU
		{DE4BD149-8360-4EE8-AC59-48131B317E16}.Debug|Any CPU.Build.0 = Debug|Any CPU
		{DE4BD149-8360-4EE8-AC59-48131B317E16}.Release|Any CPU.ActiveCfg = Release|Any CPU
		{DE4BD149-8360-4EE8-AC59-48131B317E16}.Release|Any CPU.Build.0 = Release|Any CPU
	EndGlobalSection
	GlobalSection(SolutionProperties) = preSolution
		HideSolutionNode = FALSE
	EndGlobalSection
	GlobalSection(ExtensibilityGlobals) = postSolution
		SolutionGuid = {8260AA23-505C-445A-9CAC-73C33617693B}
	EndGlobalSection
EndGlobal
